
Microsoft Visual Studio Solution File, Format Version 12.00
# Visual Studio Version 17
VisualStudioVersion = 17.5.33516.290
MinimumVisualStudioVersion = 10.0.40219.1
Project("{9A19103F-16F7-4668-BE54-9A1E7A4F7556}") = "FitnessSite.Web", "FitnessSite.Web\FitnessSite.Web.csproj", "{B0FC4887-688E-4D65-86F5-D8433EFA6D32}"
EndProject
Project("{9A19103F-16F7-4668-BE54-9A1E7A4F7556}") = "FitnessSite.Common", "FitnessSite.Common\FitnessSite.Common.csproj", "{036F8F20-1651-4481-B4E0-F780E1D1DB9A}"
EndProject
Project("{9A19103F-16F7-4668-BE54-9A1E7A4F7556}") = "FitnessSite.Data", "FitnessSite.Data\FitnessSite.Data.csproj", "{126E3308-95C5-4162-B61D-8679FB8316C0}"
EndProject
Project("{9A19103F-16F7-4668-BE54-9A1E7A4F7556}") = "FitnessSite.Web.ViewModels", "FitnessSite.Web.ViewModels\FitnessSite.Web.ViewModels.csproj", "{50D5AE49-3BC7-430A-9BAA-4B3A085B8194}"
EndProject
Project("{2150E333-8FDC-42A3-9474-1A3956D46DE8}") = "Web", "Web", "{D3BFBC7D-FF76-4E84-95B5-BE336481085D}"
EndProject
Project("{2150E333-8FDC-42A3-9474-1A3956D46DE8}") = "Data", "Data", "{3934149B-0EC3-4CD0-B759-09CEE5A79958}"
EndProject
Project("{9A19103F-16F7-4668-BE54-9A1E7A4F7556}") = "FitnessSite.Data.Models", "FitnessSite.Data.Models\FitnessSite.Data.Models.csproj", "{D0AEB0E1-B57D-423F-B997-2BBD13C9F452}"
EndProject
Project("{FAE04EC0-301F-11D3-BF4B-00C04F79EFBC}") = "FitnessSite.Services", "FitnessSite.Services\FitnessSite.Services.csproj", "{6FE518AB-8364-4F5A-99A5-DBB204203B97}"
EndProject
Global
	GlobalSection(SolutionConfigurationPlatforms) = preSolution
		Debug|Any CPU = Debug|Any CPU
		Release|Any CPU = Release|Any CPU
	EndGlobalSection
	GlobalSection(ProjectConfigurationPlatforms) = postSolution
		{B0FC4887-688E-4D65-86F5-D8433EFA6D32}.Debug|Any CPU.ActiveCfg = Debug|Any CPU
		{B0FC4887-688E-4D65-86F5-D8433EFA6D32}.Debug|Any CPU.Build.0 = Debug|Any CPU
		{B0FC4887-688E-4D65-86F5-D8433EFA6D32}.Release|Any CPU.ActiveCfg = Release|Any CPU
		{B0FC4887-688E-4D65-86F5-D8433EFA6D32}.Release|Any CPU.Build.0 = Release|Any CPU
		{036F8F20-1651-4481-B4E0-F780E1D1DB9A}.Debug|Any CPU.ActiveCfg = Debug|Any CPU
		{036F8F20-1651-4481-B4E0-F780E1D1DB9A}.Debug|Any CPU.Build.0 = Debug|Any CPU
		{036F8F20-1651-4481-B4E0-F780E1D1DB9A}.Release|Any CPU.ActiveCfg = Release|Any CPU
		{036F8F20-1651-4481-B4E0-F780E1D1DB9A}.Release|Any CPU.Build.0 = Release|Any CPU
		{126E3308-95C5-4162-B61D-8679FB8316C0}.Debug|Any CPU.ActiveCfg = Debug|Any CPU
		{126E3308-95C5-4162-B61D-8679FB8316C0}.Debug|Any CPU.Build.0 = Debug|Any CPU
		{126E3308-95C5-4162-B61D-8679FB8316C0}.Release|Any CPU.ActiveCfg = Release|Any CPU
		{126E3308-95C5-4162-B61D-8679FB8316C0}.Release|Any CPU.Build.0 = Release|Any CPU
		{50D5AE49-3BC7-430A-9BAA-4B3A085B8194}.Debug|Any CPU.ActiveCfg = Debug|Any CPU
		{50D5AE49-3BC7-430A-9BAA-4B3A085B8194}.Debug|Any CPU.Build.0 = Debug|Any CPU
		{50D5AE49-3BC7-430A-9BAA-4B3A085B8194}.Release|Any CPU.ActiveCfg = Release|Any CPU
		{50D5AE49-3BC7-430A-9BAA-4B3A085B8194}.Release|Any CPU.Build.0 = Release|Any CPU
		{D0AEB0E1-B57D-423F-B997-2BBD13C9F452}.Debug|Any CPU.ActiveCfg = Debug|Any CPU
		{D0AEB0E1-B57D-423F-B997-2BBD13C9F452}.Debug|Any CPU.Build.0 = Debug|Any CPU
		{D0AEB0E1-B57D-423F-B997-2BBD13C9F452}.Release|Any CPU.ActiveCfg = Release|Any CPU
		{D0AEB0E1-B57D-423F-B997-2BBD13C9F452}.Release|Any CPU.Build.0 = Release|Any CPU
		{6FE518AB-8364-4F5A-99A5-DBB204203B97}.Debug|Any CPU.ActiveCfg = Debug|Any CPU
		{6FE518AB-8364-4F5A-99A5-DBB204203B97}.Debug|Any CPU.Build.0 = Debug|Any CPU
		{6FE518AB-8364-4F5A-99A5-DBB204203B97}.Release|Any CPU.ActiveCfg = Release|Any CPU
		{6FE518AB-8364-4F5A-99A5-DBB204203B97}.Release|Any CPU.Build.0 = Release|Any CPU
	EndGlobalSection
	GlobalSection(SolutionProperties) = preSolution
		HideSolutionNode = FALSE
	EndGlobalSection
	GlobalSection(NestedProjects) = preSolution
		{B0FC4887-688E-4D65-86F5-D8433EFA6D32} = {D3BFBC7D-FF76-4E84-95B5-BE336481085D}
		{126E3308-95C5-4162-B61D-8679FB8316C0} = {3934149B-0EC3-4CD0-B759-09CEE5A79958}
		{50D5AE49-3BC7-430A-9BAA-4B3A085B8194} = {D3BFBC7D-FF76-4E84-95B5-BE336481085D}
		{D0AEB0E1-B57D-423F-B997-2BBD13C9F452} = {3934149B-0EC3-4CD0-B759-09CEE5A79958}
		{6FE518AB-8364-4F5A-99A5-DBB204203B97} = {D3BFBC7D-FF76-4E84-95B5-BE336481085D}
	EndGlobalSection
	GlobalSection(ExtensibilityGlobals) = postSolution
		SolutionGuid = {FD410D25-3FAA-4583-AAF7-11F358D92D07}
	EndGlobalSection
EndGlobal
